
Microsoft Visual Studio Solution File, Format Version 12.00
# Visual Studio Version 16
VisualStudioVersion = 16.0.31702.278
MinimumVisualStudioVersion = 10.0.40219.1
Project("{FAE04EC0-301F-11D3-BF4B-00C04F79EFBC}") = "IOAbstraction", "IOAbstration\IOAbstraction.csproj", "{94926633-DA0E-4BAF-9B67-D303AC7052A2}"
EndProject
Project("{FAE04EC0-301F-11D3-BF4B-00C04F79EFBC}") = "IOAbstraction1", "IOAbstraction1\IOAbstraction1.csproj", "{CF5BE786-8DD7-4B31-9ABA-BA4DCEA8B47F}"
EndProject
Project("{FAE04EC0-301F-11D3-BF4B-00C04F79EFBC}") = "IOAbstraction2", "IOAbstraction2\IOAbstraction2.csproj", "{B737EF2B-2D85-4548-AB4F-CD38ACEFDBD6}"
EndProject
Project("{FAE04EC0-301F-11D3-BF4B-00C04F79EFBC}") = "IOAbstraction.UnitTests", "IOAbstraction.UnitTests\IOAbstraction.UnitTests.csproj", "{A66DA8F4-8E5E-45DC-8B62-82CAD6A1CFCB}"
EndProject
Global
	GlobalSection(SolutionConfigurationPlatforms) = preSolution
		Debug|Any CPU = Debug|Any CPU
		Release|Any CPU = Release|Any CPU
	EndGlobalSection
	GlobalSection(ProjectConfigurationPlatforms) = postSolution
		{94926633-DA0E-4BAF-9B67-D303AC7052A2}.Debug|Any CPU.ActiveCfg = Debug|Any CPU
		{94926633-DA0E-4BAF-9B67-D303AC7052A2}.Debug|Any CPU.Build.0 = Debug|Any CPU
		{94926633-DA0E-4BAF-9B67-D303AC7052A2}.Release|Any CPU.ActiveCfg = Release|Any CPU
		{94926633-DA0E-4BAF-9B67-D303AC7052A2}.Release|Any CPU.Build.0 = Release|Any CPU
		{CF5BE786-8DD7-4B31-9ABA-BA4DCEA8B47F}.Debug|Any CPU.ActiveCfg = Debug|Any CPU
		{CF5BE786-8DD7-4B31-9ABA-BA4DCEA8B47F}.Debug|Any CPU.Build.0 = Debug|Any CPU
		{CF5BE786-8DD7-4B31-9ABA-BA4DCEA8B47F}.Release|Any CPU.ActiveCfg = Release|Any CPU
		{CF5BE786-8DD7-4B31-9ABA-BA4DCEA8B47F}.Release|Any CPU.Build.0 = Release|Any CPU
		{B737EF2B-2D85-4548-AB4F-CD38ACEFDBD6}.Debug|Any CPU.ActiveCfg = Debug|Any CPU
		{B737EF2B-2D85-4548-AB4F-CD38ACEFDBD6}.Debug|Any CPU.Build.0 = Debug|Any CPU
		{B737EF2B-2D85-4548-AB4F-CD38ACEFDBD6}.Release|Any CPU.ActiveCfg = Release|Any CPU
		{B737EF2B-2D85-4548-AB4F-CD38ACEFDBD6}.Release|Any CPU.Build.0 = Release|Any CPU
		{A66DA8F4-8E5E-45DC-8B62-82CAD6A1CFCB}.Debug|Any CPU.ActiveCfg = Debug|Any CPU
		{A66DA8F4-8E5E-45DC-8B62-82CAD6A1CFCB}.Debug|Any CPU.Build.0 = Debug|Any CPU
		{A66DA8F4-8E5E-45DC-8B62-82CAD6A1CFCB}.Release|Any CPU.ActiveCfg = Release|Any CPU
		{A66DA8F4-8E5E-45DC-8B62-82CAD6A1CFCB}.Release|Any CPU.Build.0 = Release|Any CPU
	EndGlobalSection
	GlobalSection(SolutionProperties) = preSolution
		HideSolutionNode = FALSE
	EndGlobalSection
	GlobalSection(ExtensibilityGlobals) = postSolution
		SolutionGuid = {3B2B93B9-1066-44DB-85F9-BDF08D5C35DE}
	EndGlobalSection
EndGlobal
